
Microsoft Visual Studio Solution File, Format Version 12.00
# Visual Studio Version 17
VisualStudioVersion = 17.14.36811.4
MinimumVisualStudioVersion = 10.0.40219.1
Project("{FAE04EC0-301F-11D3-BF4B-00C04F79EFBC}") = "Tradogram.REST.SDK", "Tradogram.REST.SDK\Tradogram.REST.SDK.csproj", "{3D541024-DBEA-40DE-9194-8D6604EA1F9F}"
EndProject
Project("{FAE04EC0-301F-11D3-BF4B-00C04F79EFBC}") = "Tradogram.REST.SDK.Tests", "Tradogram.REST.SDK.Tests\Tradogram.REST.SDK.Tests.csproj", "{237F3696-45E0-4B40-B492-8FF5A1F968D5}"
EndProject
Global
	GlobalSection(SolutionConfigurationPlatforms) = preSolution
		Debug|Any CPU = Debug|Any CPU
		Release|Any CPU = Release|Any CPU
	EndGlobalSection
	GlobalSection(ProjectConfigurationPlatforms) = postSolution
		{3D541024-DBEA-40DE-9194-8D6604EA1F9F}.Debug|Any CPU.ActiveCfg = Debug|Any CPU
		{3D541024-DBEA-40DE-9194-8D6604EA1F9F}.Debug|Any CPU.Build.0 = Debug|Any CPU
		{3D541024-DBEA-40DE-9194-8D6604EA1F9F}.Release|Any CPU.ActiveCfg = Release|Any CPU
		{3D541024-DBEA-40DE-9194-8D6604EA1F9F}.Release|Any CPU.Build.0 = Release|Any CPU
		{237F3696-45E0-4B40-B492-8FF5A1F968D5}.Debug|Any CPU.ActiveCfg = Debug|Any CPU
		{237F3696-45E0-4B40-B492-8FF5A1F968D5}.Debug|Any CPU.Build.0 = Debug|Any CPU
		{237F3696-45E0-4B40-B492-8FF5A1F968D5}.Release|Any CPU.ActiveCfg = Release|Any CPU
		{237F3696-45E0-4B40-B492-8FF5A1F968D5}.Release|Any CPU.Build.0 = Release|Any CPU
	EndGlobalSection
	GlobalSection(SolutionProperties) = preSolution
		HideSolutionNode = FALSE
	EndGlobalSection
	GlobalSection(ExtensibilityGlobals) = postSolution
		SolutionGuid = {B3CE33F3-DB3C-4570-B679-6A1610D90390}
	EndGlobalSection
EndGlobal
